{
  "requires": true,
  "lockfileVersion": 1,
  "dependencies": {
    "types-registry": {
      "version": "0.1.694",
      "resolved": "https://registry.npmjs.org/types-registry/-/types-registry-0.1.694.tgz",
      "integrity": "sha512-e2/Hlq2YFAwXaQx09vHeX9PhqHF0A8PAXWxg01fE7uoRUIwCg4xgic9r/WP3mx/Oy3gfKlyDljZQk4+F3Q6FoQ=="
    }
  }
}
